
Microsoft Visual Studio Solution File, Format Version 12.00
# Visual Studio Version 16
VisualStudioVersion = 16.0.29806.167
MinimumVisualStudioVersion = 10.0.40219.1
Project("{9A19103F-16F7-4668-BE54-9A1E7A4F7556}") = "Exam2020-AA", "Exam2020-AA\Exam2020-AA.csproj", "{7ACCDFAA-6460-421D-BBC7-DAE8CFC55914}"
EndProject
Project("{2150E333-8FDC-42A3-9474-1A3956D46DE8}") = "RESTAPI", "RESTAPI", "{EAABC6E5-3094-418F-87FA-855386A12CFD}"
EndProject
Project("{FAE04EC0-301F-11D3-BF4B-00C04F79EFBC}") = "TheRESTAPI", "TheRESTAPI\TheRESTAPI.csproj", "{F5C06540-A7F3-451C-9706-220450B35D48}"
EndProject
Project("{FAE04EC0-301F-11D3-BF4B-00C04F79EFBC}") = "Core", "Core\Core.csproj", "{47BB6EE3-E11A-4897-8C40-053A2A814F23}"
EndProject
Project("{FAE04EC0-301F-11D3-BF4B-00C04F79EFBC}") = "Core.Entity", "Core.Entity\Core.Entity.csproj", "{17629447-392E-44E8-916D-1EE81AC3D8AC}"
EndProject
Project("{FAE04EC0-301F-11D3-BF4B-00C04F79EFBC}") = "Infrastructure", "Infrastructure\Infrastructure.csproj", "{8F0178C0-FCF7-4CBB-899A-694B392E7BE1}"
EndProject
Global
	GlobalSection(SolutionConfigurationPlatforms) = preSolution
		Debug|Any CPU = Debug|Any CPU
		Release|Any CPU = Release|Any CPU
	EndGlobalSection
	GlobalSection(ProjectConfigurationPlatforms) = postSolution
		{7ACCDFAA-6460-421D-BBC7-DAE8CFC55914}.Debug|Any CPU.ActiveCfg = Debug|Any CPU
		{7ACCDFAA-6460-421D-BBC7-DAE8CFC55914}.Debug|Any CPU.Build.0 = Debug|Any CPU
		{7ACCDFAA-6460-421D-BBC7-DAE8CFC55914}.Release|Any CPU.ActiveCfg = Release|Any CPU
		{7ACCDFAA-6460-421D-BBC7-DAE8CFC55914}.Release|Any CPU.Build.0 = Release|Any CPU
		{F5C06540-A7F3-451C-9706-220450B35D48}.Debug|Any CPU.ActiveCfg = Debug|Any CPU
		{F5C06540-A7F3-451C-9706-220450B35D48}.Debug|Any CPU.Build.0 = Debug|Any CPU
		{F5C06540-A7F3-451C-9706-220450B35D48}.Release|Any CPU.ActiveCfg = Release|Any CPU
		{F5C06540-A7F3-451C-9706-220450B35D48}.Release|Any CPU.Build.0 = Release|Any CPU
		{47BB6EE3-E11A-4897-8C40-053A2A814F23}.Debug|Any CPU.ActiveCfg = Debug|Any CPU
		{47BB6EE3-E11A-4897-8C40-053A2A814F23}.Debug|Any CPU.Build.0 = Debug|Any CPU
		{47BB6EE3-E11A-4897-8C40-053A2A814F23}.Release|Any CPU.ActiveCfg = Release|Any CPU
		{47BB6EE3-E11A-4897-8C40-053A2A814F23}.Release|Any CPU.Build.0 = Release|Any CPU
		{17629447-392E-44E8-916D-1EE81AC3D8AC}.Debug|Any CPU.ActiveCfg = Debug|Any CPU
		{17629447-392E-44E8-916D-1EE81AC3D8AC}.Debug|Any CPU.Build.0 = Debug|Any CPU
		{17629447-392E-44E8-916D-1EE81AC3D8AC}.Release|Any CPU.ActiveCfg = Release|Any CPU
		{17629447-392E-44E8-916D-1EE81AC3D8AC}.Release|Any CPU.Build.0 = Release|Any CPU
		{8F0178C0-FCF7-4CBB-899A-694B392E7BE1}.Debug|Any CPU.ActiveCfg = Debug|Any CPU
		{8F0178C0-FCF7-4CBB-899A-694B392E7BE1}.Debug|Any CPU.Build.0 = Debug|Any CPU
		{8F0178C0-FCF7-4CBB-899A-694B392E7BE1}.Release|Any CPU.ActiveCfg = Release|Any CPU
		{8F0178C0-FCF7-4CBB-899A-694B392E7BE1}.Release|Any CPU.Build.0 = Release|Any CPU
	EndGlobalSection
	GlobalSection(SolutionProperties) = preSolution
		HideSolutionNode = FALSE
	EndGlobalSection
	GlobalSection(NestedProjects) = preSolution
		{F5C06540-A7F3-451C-9706-220450B35D48} = {EAABC6E5-3094-418F-87FA-855386A12CFD}
		{47BB6EE3-E11A-4897-8C40-053A2A814F23} = {EAABC6E5-3094-418F-87FA-855386A12CFD}
		{17629447-392E-44E8-916D-1EE81AC3D8AC} = {EAABC6E5-3094-418F-87FA-855386A12CFD}
		{8F0178C0-FCF7-4CBB-899A-694B392E7BE1} = {EAABC6E5-3094-418F-87FA-855386A12CFD}
	EndGlobalSection
	GlobalSection(ExtensibilityGlobals) = postSolution
		SolutionGuid = {52372519-9BC2-45C5-8DD5-88B14A0149A2}
	EndGlobalSection
EndGlobal
